// !$*UTF8*$!
{
	archiveVersion = 1;
	classes = {
	};
	objectVersion = 77;
	objects = {

/* Begin PBXBuildFile section */
		B49044012E8F93BB00A70251 /* NewsList in Frameworks */ = {isa = PBXBuildFile; productRef = B49044002E8F93BB00A70251 /* NewsList */; };
/* End PBXBuildFile section */

/* Begin PBXContainerItemProxy section */
		B4D9AA852E8B80320012F482 /* PBXContainerItemProxy */ = {
			isa = PBXContainerItemProxy;
			containerPortal = B4D9AA6F2E8B80300012F482 /* Project object */;
			proxyType = 1;
			remoteGlobalIDString = B4D9AA762E8B80300012F482;
			remoteInfo = NewsHub;
		};
		B4D9AA8F2E8B80320012F482 /* PBXContainerItemProxy */ = {
			isa = PBXContainerItemProxy;
			containerPortal = B4D9AA6F2E8B80300012F482 /* Project object */;
			proxyType = 1;
			remoteGlobalIDString = B4D9AA762E8B80300012F482;
			remoteInfo = NewsHub;
		};
/* End PBXContainerItemProxy section */

/* Begin PBXFileReference section */
		B49043FF2E8F926F00A70251 /* NewsList */ = {isa = PBXFileReference; lastKnownFileType = wrapper; path = NewsList; sourceTree = "<group>"; };
		B4D9AA772E8B80300012F482 /* NewsHub.app */ = {isa = PBXFileReference; explicitFileType = wrapper.application; includeInIndex = 0; path = NewsHub.app; sourceTree = BUILT_PRODUCTS_DIR; };
		B4D9AA842E8B80320012F482 /* NewsHubTests.xctest */ = {isa = PBXFileReference; explicitFileType = wrapper.cfbundle; includeInIndex = 0; path = NewsHubTests.xctest; sourceTree = BUILT_PRODUCTS_DIR; };
		B4D9AA8E2E8B80320012F482 /* NewsHubUITests.xctest */ = {isa = PBXFileReference; explicitFileType = wrapper.cfbundle; includeInIndex = 0; path = NewsHubUITests.xctest; sourceTree = BUILT_PRODUCTS_DIR; };
/* End PBXFileReference section */

/* Begin PBXFileSystemSynchronizedBuildFileExceptionSet section */
		B4D9AB682E8CD0380012F482 /* Exceptions for "NewsHub" folder in "NewsHub" target */ = {
			isa = PBXFileSystemSynchronizedBuildFileExceptionSet;
			membershipExceptions = (
				Info.plist,
			);
			target = B4D9AA762E8B80300012F482 /* NewsHub */;
		};
/* End PBXFileSystemSynchronizedBuildFileExceptionSet section */

/* Begin PBXFileSystemSynchronizedRootGroup section */
		B4D9AA792E8B80300012F482 /* NewsHub */ = {
			isa = PBXFileSystemSynchronizedRootGroup;
			exceptions = (
				B4D9AB682E8CD0380012F482 /* Exceptions for "NewsHub" folder in "NewsHub" target */,
			);
			path = NewsHub;
			sourceTree = "<group>";
		};
		B4D9AA872E8B80320012F482 /* NewsHubTests */ = {
			isa = PBXFileSystemSynchronizedRootGroup;
			path = NewsHubTests;
			sourceTree = "<group>";
		};
		B4D9AA912E8B80320012F482 /* NewsHubUITests */ = {
			isa = PBXFileSystemSynchronizedRootGroup;
			path = NewsHubUITests;
			sourceTree = "<group>";
		};
/* End PBXFileSystemSynchronizedRootGroup section */

/* Begin PBXFrameworksBuildPhase section */
		B4D9AA742E8B80300012F482 /* Frameworks */ = {
			isa = PBXFrameworksBuildPhase;
			buildActionMask = 2147483647;
			files = (
				B49044012E8F93BB00A70251 /* NewsList in Frameworks */,
			);
			runOnlyForDeploymentPostprocessing = 0;
		};
		B4D9AA812E8B80320012F482 /* Frameworks */ = {
			isa = PBXFrameworksBuildPhase;
			buildActionMask = 2147483647;
			files = (
			);
			runOnlyForDeploymentPostprocessing = 0;
		};
		B4D9AA8B2E8B80320012F482 /* Frameworks */ = {
			isa = PBXFrameworksBuildPhase;
			buildActionMask = 2147483647;
			files = (
			);
			runOnlyForDeploymentPostprocessing = 0;
		};
/* End PBXFrameworksBuildPhase section */

/* Begin PBXGroup section */
		B4D9AA6E2E8B80300012F482 = {
			isa = PBXGroup;
			children = (
				B49043FF2E8F926F00A70251 /* NewsList */,
				B4D9AA792E8B80300012F482 /* NewsHub */,
				B4D9AA872E8B80320012F482 /* NewsHubTests */,
				B4D9AA912E8B80320012F482 /* NewsHubUITests */,
				B4D9AABE2E8B85CA0012F482 /* Frameworks */,
				B4D9AA782E8B80300012F482 /* Products */,
			);
			sourceTree = "<group>";
		};
		B4D9AA782E8B80300012F482 /* Products */ = {
			isa = PBXGroup;
			children = (
				B4D9AA772E8B80300012F482 /* NewsHub.app */,
				B4D9AA842E8B80320012F482 /* NewsHubTests.xctest */,
				B4D9AA8E2E8B80320012F482 /* NewsHubUITests.xctest */,
			);
			name = Products;
			sourceTree = "<group>";
		};
		B4D9AABE2E8B85CA0012F482 /* Frameworks */ = {
			isa = PBXGroup;
			children = (
			);
			name = Frameworks;
			sourceTree = "<group>";
		};
/* End PBXGroup section */

/* Begin PBXNativeTarget section */
		B4D9AA762E8B80300012F482 /* NewsHub */ = {
			isa = PBXNativeTarget;
			buildConfigurationList = B4D9AA982E8B80320012F482 /* Build configuration list for PBXNativeTarget "NewsHub" */;
			buildPhases = (
				B4D9AA732E8B80300012F482 /* Sources */,
				B4D9AA742E8B80300012F482 /* Frameworks */,
				B4D9AA752E8B80300012F482 /* Resources */,
			);
			buildRules = (
			);
			dependencies = (
			);
			fileSystemSynchronizedGroups = (
				B4D9AA792E8B80300012F482 /* NewsHub */,
			);
			name = NewsHub;
			packageProductDependencies = (
				B4D9AABF2E8B85CA0012F482 /* Login */,
				B49044002E8F93BB00A70251 /* NewsList */,
			);
			productName = NewsHub;
			productReference = B4D9AA772E8B80300012F482 /* NewsHub.app */;
			productType = "com.apple.product-type.application";
		};
		B4D9AA832E8B80320012F482 /* NewsHubTests */ = {
			isa = PBXNativeTarget;
			buildConfigurationList = B4D9AA9B2E8B80320012F482 /* Build configuration list for PBXNativeTarget "NewsHubTests" */;
			buildPhases = (
				B4D9AA802E8B80320012F482 /* Sources */,
				B4D9AA812E8B80320012F482 /* Frameworks */,
				B4D9AA822E8B80320012F482 /* Resources */,
			);
			buildRules = (
			);
			dependencies = (
				B4D9AA862E8B80320012F482 /* PBXTargetDependency */,
			);
			fileSystemSynchronizedGroups = (
				B4D9AA872E8B80320012F482 /* NewsHubTests */,
			);
			name = NewsHubTests;
			packageProductDependencies = (
			);
			productName = NewsHubTests;
			productReference = B4D9AA842E8B80320012F482 /* NewsHubTests.xctest */;
			productType = "com.apple.product-type.bundle.unit-test";
		};
		B4D9AA8D2E8B80320012F482 /* NewsHubUITests */ = {
			isa = PBXNativeTarget;
			buildConfigurationList = B4D9AA9E2E8B80320012F482 /* Build configuration list for PBXNativeTarget "NewsHubUITests" */;
			buildPhases = (
				B4D9AA8A2E8B80320012F482 /* Sources */,
				B4D9AA8B2E8B80320012F482 /* Frameworks */,
				B4D9AA8C2E8B80320012F482 /* Resources */,
			);
			buildRules = (
			);
			dependencies = (
				B4D9AA902E8B80320012F482 /* PBXTargetDependency */,
			);
			fileSystemSynchronizedGroups = (
				B4D9AA912E8B80320012F482 /* NewsHubUITests */,
			);
			name = NewsHubUITests;
			packageProductDependencies = (
			);
			productName = NewsHubUITests;
			productReference = B4D9AA8E2E8B80320012F482 /* NewsHubUITests.xctest */;
			productType = "com.apple.product-type.bundle.ui-testing";
		};
/* End PBXNativeTarget section */

/* Begin PBXProject section */
		B4D9AA6F2E8B80300012F482 /* Project object */ = {
			isa = PBXProject;
			attributes = {
				BuildIndependentTargetsInParallel = 1;
				LastSwiftUpdateCheck = 2600;
				LastUpgradeCheck = 2600;
				TargetAttributes = {
					B4D9AA762E8B80300012F482 = {
						CreatedOnToolsVersion = 26.0.1;
					};
					B4D9AA832E8B80320012F482 = {
						CreatedOnToolsVersion = 26.0.1;
						TestTargetID = B4D9AA762E8B80300012F482;
					};
					B4D9AA8D2E8B80320012F482 = {
						CreatedOnToolsVersion = 26.0.1;
						TestTargetID = B4D9AA762E8B80300012F482;
					};
				};
			};
			buildConfigurationList = B4D9AA722E8B80300012F482 /* Build configuration list for PBXProject "NewsHub" */;
			developmentRegion = en;
			hasScannedForEncodings = 0;
			knownRegions = (
				en,
				Base,
			);
			mainGroup = B4D9AA6E2E8B80300012F482;
			minimizedProjectReferenceProxies = 1;
			preferredProjectObjectVersion = 77;
			productRefGroup = B4D9AA782E8B80300012F482 /* Products */;
			projectDirPath = "";
			projectRoot = "";
			targets = (
				B4D9AA762E8B80300012F482 /* NewsHub */,
				B4D9AA832E8B80320012F482 /* NewsHubTests */,
				B4D9AA8D2E8B80320012F482 /* NewsHubUITests */,
			);
		};
/* End PBXProject section */

/* Begin PBXResourcesBuildPhase section */
		B4D9AA752E8B80300012F482 /* Resources */ = {
			isa = PBXResourcesBuildPhase;
			buildActionMask = 2147483647;
			files = (
			);
			runOnlyForDeploymentPostprocessing = 0;
		};
		B4D9AA822E8B80320012F482 /* Resources */ = {
			isa = PBXResourcesBuildPhase;
			buildActionMask = 2147483647;
			files = (
			);
			runOnlyForDeploymentPostprocessing = 0;
		};
		B4D9AA8C2E8B80320012F482 /* Resources */ = {
			isa = PBXResourcesBuildPhase;
			buildActionMask = 2147483647;
			files = (
			);
			runOnlyForDeploymentPostprocessing = 0;
		};
/* End PBXResourcesBuildPhase section */

/* Begin PBXSourcesBuildPhase section */
		B4D9AA732E8B80300012F482 /* Sources */ = {
			isa = PBXSourcesBuildPhase;
			buildActionMask = 2147483647;
			files = (
			);
			runOnlyForDeploymentPostprocessing = 0;
		};
		B4D9AA802E8B80320012F482 /* Sources */ = {
			isa = PBXSourcesBuildPhase;
			buildActionMask = 2147483647;
			files = (
			);
			runOnlyForDeploymentPostprocessing = 0;
		};
		B4D9AA8A2E8B80320012F482 /* Sources */ = {
			isa = PBXSourcesBuildPhase;
			buildActionMask = 2147483647;
			files = (
			);
			runOnlyForDeploymentPostprocessing = 0;
		};
/* End PBXSourcesBuildPhase section */

/* Begin PBXTargetDependency section */
		B4D9AA862E8B80320012F482 /* PBXTargetDependency */ = {
			isa = PBXTargetDependency;
			target = B4D9AA762E8B80300012F482 /* NewsHub */;
			targetProxy = B4D9AA852E8B80320012F482 /* PBXContainerItemProxy */;
		};
		B4D9AA902E8B80320012F482 /* PBXTargetDependency */ = {
			isa = PBXTargetDependency;
			target = B4D9AA762E8B80300012F482 /* NewsHub */;
			targetProxy = B4D9AA8F2E8B80320012F482 /* PBXContainerItemProxy */;
		};
/* End PBXTargetDependency section */

/* Begin XCBuildConfiguration section */
		B4D9AA962E8B80320012F482 /* Debug */ = {
			isa = XCBuildConfiguration;
			buildSettings = {
				ALWAYS_SEARCH_USER_PATHS = NO;
				ASSETCATALOG_COMPILER_GENERATE_SWIFT_ASSET_SYMBOL_EXTENSIONS = YES;
				CLANG_ANALYZER_NONNULL = YES;
				CLANG_ANALYZER_NUMBER_OBJECT_CONVERSION = YES_AGGRESSIVE;
				CLANG_CXX_LANGUAGE_STANDARD = "gnu++20";
				CLANG_ENABLE_MODULES = YES;
				CLANG_ENABLE_OBJC_ARC = YES;
				CLANG_ENABLE_OBJC_WEAK = YES;
				CLANG_WARN_BLOCK_CAPTURE_AUTORELEASING = YES;
				CLANG_WARN_BOOL_CONVERSION = YES;
				CLANG_WARN_COMMA = YES;
				CLANG_WARN_CONSTANT_CONVERSION = YES;
				CLANG_WARN_DEPRECATED_OBJC_IMPLEMENTATIONS = YES;
				CLANG_WARN_DIRECT_OBJC_ISA_USAGE = YES_ERROR;
				CLANG_WARN_DOCUMENTATION_COMMENTS = YES;
				CLANG_WARN_EMPTY_BODY = YES;
				CLANG_WARN_ENUM_CONVERSION = YES;
				CLANG_WARN_INFINITE_RECURSION = YES;
				CLANG_WARN_INT_CONVERSION = YES;
				CLANG_WARN_NON_LITERAL_NULL_CONVERSION = YES;
				CLANG_WARN_OBJC_IMPLICIT_RETAIN_SELF = YES;
				CLANG_WARN_OBJC_LITERAL_CONVERSION = YES;
				CLANG_WARN_OBJC_ROOT_CLASS = YES_ERROR;
				CLANG_WARN_QUOTED_INCLUDE_IN_FRAMEWORK_HEADER = YES;
				CLANG_WARN_RANGE_LOOP_ANALYSIS = YES;
				CLANG_WARN_STRICT_PROTOTYPES = YES;
				CLANG_WARN_SUSPICIOUS_MOVE = YES;
				CLANG_WARN_UNGUARDED_AVAILABILITY = YES_AGGRESSIVE;
				CLANG_WARN_UNREACHABLE_CODE = YES;
				CLANG_WARN__DUPLICATE_METHOD_MATCH = YES;
				COPY_PHASE_STRIP = NO;
				DEBUG_INFORMATION_FORMAT = dwarf;
				ENABLE_STRICT_OBJC_MSGSEND = YES;
				ENABLE_TESTABILITY = YES;
				ENABLE_USER_SCRIPT_SANDBOXING = YES;
				GCC_C_LANGUAGE_STANDARD = gnu17;
				GCC_DYNAMIC_NO_PIC = NO;
				GCC_NO_COMMON_BLOCKS = YES;
				GCC_OPTIMIZATION_LEVEL = 0;
				GCC_PREPROCESSOR_DEFINITIONS = (
					"DEBUG=1",
					"$(inherited)",
				);
				GCC_WARN_64_TO_32_BIT_CONVERSION = YES;
				GCC_WARN_ABOUT_RETURN_TYPE = YES_ERROR;
				GCC_WARN_UNDECLARED_SELECTOR = YES;
				GCC_WARN_UNINITIALIZED_AUTOS = YES_AGGRESSIVE;
				GCC_WARN_UNUSED_FUNCTION = YES;
				GCC_WARN_UNUSED_VARIABLE = YES;
				IPHONEOS_DEPLOYMENT_TARGET = 26.0;
				LOCALIZATION_PREFERS_STRING_CATALOGS = YES;
				MTL_ENABLE_DEBUG_INFO = INCLUDE_SOURCE;
				MTL_FAST_MATH = YES;
				ONLY_ACTIVE_ARCH = YES;
				SDKROOT = iphoneos;
				SWIFT_ACTIVE_COMPILATION_CONDITIONS = "DEBUG $(inherited)";
				SWIFT_OPTIMIZATION_LEVEL = "-Onone";
			};
			name = Debug;
		};
		B4D9AA972E8B80320012F482 /* Release */ = {
			isa = XCBuildConfiguration;
			buildSettings = {
				ALWAYS_SEARCH_USER_PATHS = NO;
				ASSETCATALOG_COMPILER_GENERATE_SWIFT_ASSET_SYMBOL_EXTENSIONS = YES;
				CLANG_ANALYZER_NONNULL = YES;
				CLANG_ANALYZER_NUMBER_OBJECT_CONVERSION = YES_AGGRESSIVE;
				CLANG_CXX_LANGUAGE_STANDARD = "gnu++20";
				CLANG_ENABLE_MODULES = YES;
				CLANG_ENABLE_OBJC_ARC = YES;
				CLANG_ENABLE_OBJC_WEAK = YES;
				CLANG_WARN_BLOCK_CAPTURE_AUTORELEASING = YES;
				CLANG_WARN_BOOL_CONVERSION = YES;
				CLANG_WARN_COMMA = YES;
				CLANG_WARN_CONSTANT_CONVERSION = YES;
				CLANG_WARN_DEPRECATED_OBJC_IMPLEMENTATIONS = YES;
				CLANG_WARN_DIRECT_OBJC_ISA_USAGE = YES_ERROR;
				CLANG_WARN_DOCUMENTATION_COMMENTS = YES;
				CLANG_WARN_EMPTY_BODY = YES;
				CLANG_WARN_ENUM_CONVERSION = YES;
				CLANG_WARN_INFINITE_RECURSION = YES;
				CLANG_WARN_INT_CONVERSION = YES;
				CLANG_WARN_NON_LITERAL_NULL_CONVERSION = YES;
				CLANG_WARN_OBJC_IMPLICIT_RETAIN_SELF = YES;
				CLANG_WARN_OBJC_LITERAL_CONVERSION = YES;
				CLANG_WARN_OBJC_ROOT_CLASS = YES_ERROR;
				CLANG_WARN_QUOTED_INCLUDE_IN_FRAMEWORK_HEADER = YES;
				CLANG_WARN_RANGE_LOOP_ANALYSIS = YES;
				CLANG_WARN_STRICT_PROTOTYPES = YES;
				CLANG_WARN_SUSPICIOUS_MOVE = YES;
				CLANG_WARN_UNGUARDED_AVAILABILITY = YES_AGGRESSIVE;
				CLANG_WARN_UNREACHABLE_CODE = YES;
				CLANG_WARN__DUPLICATE_METHOD_MATCH = YES;
				COPY_PHASE_STRIP = NO;
				DEBUG_INFORMATION_FORMAT = "dwarf-with-dsym";
				ENABLE_NS_ASSERTIONS = NO;
				ENABLE_STRICT_OBJC_MSGSEND = YES;
				ENABLE_USER_SCRIPT_SANDBOXING = YES;
				GCC_C_LANGUAGE_STANDARD = gnu17;
				GCC_NO_COMMON_BLOCKS = YES;
				GCC_WARN_64_TO_32_BIT_CONVERSION = YES;
				GCC_WARN_ABOUT_RETURN_TYPE = YES_ERROR;
				GCC_WARN_UNDECLARED_SELECTOR = YES;
				GCC_WARN_UNINITIALIZED_AUTOS = YES_AGGRESSIVE;
				GCC_WARN_UNUSED_FUNCTION = YES;
				GCC_WARN_UNUSED_VARIABLE = YES;
				IPHONEOS_DEPLOYMENT_TARGET = 26.0;
				LOCALIZATION_PREFERS_STRING_CATALOGS = YES;
				MTL_ENABLE_DEBUG_INFO = NO;
				MTL_FAST_MATH = YES;
				SDKROOT = iphoneos;
				SWIFT_COMPILATION_MODE = wholemodule;
				VALIDATE_PRODUCT = YES;
			};
			name = Release;
		};
		B4D9AA992E8B80320012F482 /* Debug */ = {
			isa = XCBuildConfiguration;
			buildSettings = {
				ASSETCATALOG_COMPILER_APPICON_NAME = AppIcon;
				ASSETCATALOG_COMPILER_GLOBAL_ACCENT_COLOR_NAME = AccentColor;
				CODE_SIGN_STYLE = Automatic;
				CURRENT_PROJECT_VERSION = 1;
				ENABLE_PREVIEWS = YES;
				GENERATE_INFOPLIST_FILE = YES;
				INFOPLIST_FILE = NewsHub/Info.plist;
				INFOPLIST_KEY_UIApplicationSceneManifest_Generation = YES;
				INFOPLIST_KEY_UIApplicationSupportsIndirectInputEvents = YES;
				INFOPLIST_KEY_UILaunchScreen_Generation = YES;
				INFOPLIST_KEY_UISupportedInterfaceOrientations_iPad = "UIInterfaceOrientationPortrait UIInterfaceOrientationPortraitUpsideDown UIInterfaceOrientationLandscapeLeft UIInterfaceOrientationLandscapeRight";
				INFOPLIST_KEY_UISupportedInterfaceOrientations_iPhone = "UIInterfaceOrientationPortrait UIInterfaceOrientationLandscapeLeft UIInterfaceOrientationLandscapeRight";
				LD_RUNPATH_SEARCH_PATHS = (
					"$(inherited)",
					"@executable_path/Frameworks",
				);
				MARKETING_VERSION = 1.0;
				PRODUCT_BUNDLE_IDENTIFIER = com.karthick.NewsHub;
				PRODUCT_NAME = "$(TARGET_NAME)";
				STRING_CATALOG_GENERATE_SYMBOLS = YES;
				SWIFT_APPROACHABLE_CONCURRENCY = YES;
				SWIFT_DEFAULT_ACTOR_ISOLATION = MainActor;
				SWIFT_EMIT_LOC_STRINGS = YES;
				SWIFT_UPCOMING_FEATURE_MEMBER_IMPORT_VISIBILITY = YES;
				SWIFT_VERSION = 5.0;
				TARGETED_DEVICE_FAMILY = "1,2";
			};
			name = Debug;
		};
		B4D9AA9A2E8B80320012F482 /* Release */ = {
			isa = XCBuildConfiguration;
			buildSettings = {
				ASSETCATALOG_COMPILER_APPICON_NAME = AppIcon;
				ASSETCATALOG_COMPILER_GLOBAL_ACCENT_COLOR_NAME = AccentColor;
				CODE_SIGN_STYLE = Automatic;
				CURRENT_PROJECT_VERSION = 1;
				ENABLE_PREVIEWS = YES;
				GENERATE_INFOPLIST_FILE = YES;
				INFOPLIST_FILE = NewsHub/Info.plist;
				INFOPLIST_KEY_UIApplicationSceneManifest_Generation = YES;
				INFOPLIST_KEY_UIApplicationSupportsIndirectInputEvents = YES;
				INFOPLIST_KEY_UILaunchScreen_Generation = YES;
				INFOPLIST_KEY_UISupportedInterfaceOrientations_iPad = "UIInterfaceOrientationPortrait UIInterfaceOrientationPortraitUpsideDown UIInterfaceOrientationLandscapeLeft UIInterfaceOrientationLandscapeRight";
				INFOPLIST_KEY_UISupportedInterfaceOrientations_iPhone = "UIInterfaceOrientationPortrait UIInterfaceOrientationLandscapeLeft UIInterfaceOrientationLandscapeRight";
				LD_RUNPATH_SEARCH_PATHS = (
					"$(inherited)",
					"@executable_path/Frameworks",
				);
				MARKETING_VERSION = 1.0;
				PRODUCT_BUNDLE_IDENTIFIER = com.karthick.NewsHub;
				PRODUCT_NAME = "$(TARGET_NAME)";
				STRING_CATALOG_GENERATE_SYMBOLS = YES;
				SWIFT_APPROACHABLE_CONCURRENCY = YES;
				SWIFT_DEFAULT_ACTOR_ISOLATION = MainActor;
				SWIFT_EMIT_LOC_STRINGS = YES;
				SWIFT_UPCOMING_FEATURE_MEMBER_IMPORT_VISIBILITY = YES;
				SWIFT_VERSION = 5.0;
				TARGETED_DEVICE_FAMILY = "1,2";
			};
			name = Release;
		};
		B4D9AA9C2E8B80320012F482 /* Debug */ = {
			isa = XCBuildConfiguration;
			buildSettings = {
				BUNDLE_LOADER = "$(TEST_HOST)";
				CODE_SIGN_STYLE = Automatic;
				CURRENT_PROJECT_VERSION = 1;
				GENERATE_INFOPLIST_FILE = YES;
				IPHONEOS_DEPLOYMENT_TARGET = 26.0;
				MARKETING_VERSION = 1.0;
				PRODUCT_BUNDLE_IDENTIFIER = com.karthick.NewsHubTests;
				PRODUCT_NAME = "$(TARGET_NAME)";
				STRING_CATALOG_GENERATE_SYMBOLS = NO;
				SWIFT_APPROACHABLE_CONCURRENCY = YES;
				SWIFT_EMIT_LOC_STRINGS = NO;
				SWIFT_UPCOMING_FEATURE_MEMBER_IMPORT_VISIBILITY = YES;
				SWIFT_VERSION = 5.0;
				TARGETED_DEVICE_FAMILY = "1,2";
				TEST_HOST = "$(BUILT_PRODUCTS_DIR)/NewsHub.app/$(BUNDLE_EXECUTABLE_FOLDER_PATH)/NewsHub";
			};
			name = Debug;
		};
		B4D9AA9D2E8B80320012F482 /* Release */ = {
			isa = XCBuildConfiguration;
			buildSettings = {
				BUNDLE_LOADER = "$(TEST_HOST)";
				CODE_SIGN_STYLE = Automatic;
				CURRENT_PROJECT_VERSION = 1;
				GENERATE_INFOPLIST_FILE = YES;
				IPHONEOS_DEPLOYMENT_TARGET = 26.0;
				MARKETING_VERSION = 1.0;
				PRODUCT_BUNDLE_IDENTIFIER = com.karthick.NewsHubTests;
				PRODUCT_NAME = "$(TARGET_NAME)";
				STRING_CATALOG_GENERATE_SYMBOLS = NO;
				SWIFT_APPROACHABLE_CONCURRENCY = YES;
				SWIFT_EMIT_LOC_STRINGS = NO;
				SWIFT_UPCOMING_FEATURE_MEMBER_IMPORT_VISIBILITY = YES;
				SWIFT_VERSION = 5.0;
				TARGETED_DEVICE_FAMILY = "1,2";
				TEST_HOST = "$(BUILT_PRODUCTS_DIR)/NewsHub.app/$(BUNDLE_EXECUTABLE_FOLDER_PATH)/NewsHub";
			};
			name = Release;
		};
		B4D9AA9F2E8B80320012F482 /* Debug */ = {
			isa = XCBuildConfiguration;
			buildSettings = {
				CODE_SIGN_STYLE = Automatic;
				CURRENT_PROJECT_VERSION = 1;
				GENERATE_INFOPLIST_FILE = YES;
				MARKETING_VERSION = 1.0;
				PRODUCT_BUNDLE_IDENTIFIER = com.karthick.NewsHubUITests;
				PRODUCT_NAME = "$(TARGET_NAME)";
				STRING_CATALOG_GENERATE_SYMBOLS = NO;
				SWIFT_APPROACHABLE_CONCURRENCY = YES;
				SWIFT_EMIT_LOC_STRINGS = NO;
				SWIFT_UPCOMING_FEATURE_MEMBER_IMPORT_VISIBILITY = YES;
				SWIFT_VERSION = 5.0;
				TARGETED_DEVICE_FAMILY = "1,2";
				TEST_TARGET_NAME = NewsHub;
			};
			name = Debug;
		};
		B4D9AAA02E8B80320012F482 /* Release */ = {
			isa = XCBuildConfiguration;
			buildSettings = {
				CODE_SIGN_STYLE = Automatic;
				CURRENT_PROJECT_VERSION = 1;
				GENERATE_INFOPLIST_FILE = YES;
				MARKETING_VERSION = 1.0;
				PRODUCT_BUNDLE_IDENTIFIER = com.karthick.NewsHubUITests;
				PRODUCT_NAME = "$(TARGET_NAME)";
				STRING_CATALOG_GENERATE_SYMBOLS = NO;
				SWIFT_APPROACHABLE_CONCURRENCY = YES;
				SWIFT_EMIT_LOC_STRINGS = NO;
				SWIFT_UPCOMING_FEATURE_MEMBER_IMPORT_VISIBILITY = YES;
				SWIFT_VERSION = 5.0;
				TARGETED_DEVICE_FAMILY = "1,2";
				TEST_TARGET_NAME = NewsHub;
			};
			name = Release;
		};
/* End XCBuildConfiguration section */

/* Begin XCConfigurationList section */
		B4D9AA722E8B80300012F482 /* Build configuration list for PBXProject "NewsHub" */ = {
			isa = XCConfigurationList;
			buildConfigurations = (
				B4D9AA962E8B80320012F482 /* Debug */,
				B4D9AA972E8B80320012F482 /* Release */,
			);
			defaultConfigurationIsVisible = 0;
			defaultConfigurationName = Release;
		};
		B4D9AA982E8B80320012F482 /* Build configuration list for PBXNativeTarget "NewsHub" */ = {
			isa = XCConfigurationList;
			buildConfigurations = (
				B4D9AA992E8B80320012F482 /* Debug */,
				B4D9AA9A2E8B80320012F482 /* Release */,
			);
			defaultConfigurationIsVisible = 0;
			defaultConfigurationName = Release;
		};
		B4D9AA9B2E8B80320012F482 /* Build configuration list for PBXNativeTarget "NewsHubTests" */ = {
			isa = XCConfigurationList;
			buildConfigurations = (
				B4D9AA9C2E8B80320012F482 /* Debug */,
				B4D9AA9D2E8B80320012F482 /* Release */,
			);
			defaultConfigurationIsVisible = 0;
			defaultConfigurationName = Release;
		};
		B4D9AA9E2E8B80320012F482 /* Build configuration list for PBXNativeTarget "NewsHubUITests" */ = {
			isa = XCConfigurationList;
			buildConfigurations = (
				B4D9AA9F2E8B80320012F482 /* Debug */,
				B4D9AAA02E8B80320012F482 /* Release */,
			);
			defaultConfigurationIsVisible = 0;
			defaultConfigurationName = Release;
		};
/* End XCConfigurationList section */

/* Begin XCSwiftPackageProductDependency section */
		B49044002E8F93BB00A70251 /* NewsList */ = {
			isa = XCSwiftPackageProductDependency;
			productName = NewsList;
		};
		B4D9AABF2E8B85CA0012F482 /* Login */ = {
			isa = XCSwiftPackageProductDependency;
			productName = Login;
		};
/* End XCSwiftPackageProductDependency section */
	};
	rootObject = B4D9AA6F2E8B80300012F482 /* Project object */;
}
